// !$*UTF8*$!
{
	archiveVersion = 1;
	classes = {
	};
	objectVersion = 56;
	objects = {

/* Begin PBXBuildFile section */
		48844CBD2BD2744E00FC54E7 /* blocksplitter.c in Sources */ = {isa = PBXBuildFile; fileRef = 48844C9C2BD2744E00FC54E7 /* blocksplitter.c */; };
		48844CBE2BD2744E00FC54E7 /* cache.c in Sources */ = {isa = PBXBuildFile; fileRef = 48844C9E2BD2744E00FC54E7 /* cache.c */; };
		48844CBF2BD2744E00FC54E7 /* deflate.c in Sources */ = {isa = PBXBuildFile; fileRef = 48844CA02BD2744E00FC54E7 /* deflate.c */; };
		48844CC02BD2744E00FC54E7 /* hash.c in Sources */ = {isa = PBXBuildFile; fileRef = 48844CA22BD2744E00FC54E7 /* hash.c */; };
		48844CC12BD2744E00FC54E7 /* katajainen.c in Sources */ = {isa = PBXBuildFile; fileRef = 48844CA42BD2744E00FC54E7 /* katajainen.c */; };
		48844CC22BD2744E00FC54E7 /* lz77.c in Sources */ = {isa = PBXBuildFile; fileRef = 48844CA62BD2744E00FC54E7 /* lz77.c */; };
		48844CC32BD2744E00FC54E7 /* squeeze.c in Sources */ = {isa = PBXBuildFile; fileRef = 48844CA82BD2744E00FC54E7 /* squeeze.c */; };
		48844CC42BD2744E00FC54E7 /* symbols.c in Sources */ = {isa = PBXBuildFile; fileRef = 48844CAA2BD2744E00FC54E7 /* symbols.c */; };
		48844CC52BD2744E00FC54E7 /* tree.c in Sources */ = {isa = PBXBuildFile; fileRef = 48844CAC2BD2744E00FC54E7 /* tree.c */; };
		48844CC62BD2744E00FC54E7 /* util.c in Sources */ = {isa = PBXBuildFile; fileRef = 48844CAE2BD2744E00FC54E7 /* util.c */; };
		48844CC72BD2744E00FC54E7 /* try.c in Sources */ = {isa = PBXBuildFile; fileRef = 48844CB82BD2744E00FC54E7 /* try.c */; };
		48844CC82BD2744E00FC54E7 /* gigz.c in Sources */ = {isa = PBXBuildFile; fileRef = 48844CBB2BD2744E00FC54E7 /* gigz.c */; };
		48844CC92BD2744E00FC54E7 /* yarn.c in Sources */ = {isa = PBXBuildFile; fileRef = 48844CBC2BD2744E00FC54E7 /* yarn.c */; };
		48844CD22BD2B83200FC54E7 /* mySystem.c in Sources */ = {isa = PBXBuildFile; fileRef = 48844CD12BD2B83200FC54E7 /* mySystem.c */; };
		48844CD52BD3FA5A00FC54E7 /* myCLI.c in Sources */ = {isa = PBXBuildFile; fileRef = 48844CD42BD3FA5A00FC54E7 /* myCLI.c */; };
		48844CD92BDE88AF00FC54E7 /* myIO.c in Sources */ = {isa = PBXBuildFile; fileRef = 48844CD82BDE88AF00FC54E7 /* myIO.c */; };
/* End PBXBuildFile section */

/* Begin PBXCopyFilesBuildPhase section */
		48844C902BD2731400FC54E7 /* CopyFiles */ = {
			isa = PBXCopyFilesBuildPhase;
			buildActionMask = 2147483647;
			dstPath = /usr/share/man/man1/;
			dstSubfolderSpec = 0;
			files = (
			);
			runOnlyForDeploymentPostprocessing = 1;
		};
/* End PBXCopyFilesBuildPhase section */

/* Begin PBXFileReference section */
		48844C922BD2731400FC54E7 /* madler */ = {isa = PBXFileReference; explicitFileType = "compiled.mach-o.executable"; includeInIndex = 0; path = madler; sourceTree = BUILT_PRODUCTS_DIR; };
		48844C9C2BD2744E00FC54E7 /* blocksplitter.c */ = {isa = PBXFileReference; fileEncoding = 4; lastKnownFileType = sourcecode.c.c; path = blocksplitter.c; sourceTree = "<group>"; };
		48844C9D2BD2744E00FC54E7 /* blocksplitter.h */ = {isa = PBXFileReference; fileEncoding = 4; lastKnownFileType = sourcecode.c.h; path = blocksplitter.h; sourceTree = "<group>"; };
		48844C9E2BD2744E00FC54E7 /* cache.c */ = {isa = PBXFileReference; fileEncoding = 4; lastKnownFileType = sourcecode.c.c; path = cache.c; sourceTree = "<group>"; };
		48844C9F2BD2744E00FC54E7 /* cache.h */ = {isa = PBXFileReference; fileEncoding = 4; lastKnownFileType = sourcecode.c.h; path = cache.h; sourceTree = "<group>"; };
		48844CA02BD2744E00FC54E7 /* deflate.c */ = {isa = PBXFileReference; fileEncoding = 4; lastKnownFileType = sourcecode.c.c; path = deflate.c; sourceTree = "<group>"; };
		48844CA12BD2744E00FC54E7 /* deflate.h */ = {isa = PBXFileReference; fileEncoding = 4; lastKnownFileType = sourcecode.c.h; path = deflate.h; sourceTree = "<group>"; };
		48844CA22BD2744E00FC54E7 /* hash.c */ = {isa = PBXFileReference; fileEncoding = 4; lastKnownFileType = sourcecode.c.c; path = hash.c; sourceTree = "<group>"; };
		48844CA32BD2744E00FC54E7 /* hash.h */ = {isa = PBXFileReference; fileEncoding = 4; lastKnownFileType = sourcecode.c.h; path = hash.h; sourceTree = "<group>"; };
		48844CA42BD2744E00FC54E7 /* katajainen.c */ = {isa = PBXFileReference; fileEncoding = 4; lastKnownFileType = sourcecode.c.c; path = katajainen.c; sourceTree = "<group>"; };
		48844CA52BD2744E00FC54E7 /* katajainen.h */ = {isa = PBXFileReference; fileEncoding = 4; lastKnownFileType = sourcecode.c.h; path = katajainen.h; sourceTree = "<group>"; };
		48844CA62BD2744E00FC54E7 /* lz77.c */ = {isa = PBXFileReference; fileEncoding = 4; lastKnownFileType = sourcecode.c.c; path = lz77.c; sourceTree = "<group>"; };
		48844CA72BD2744E00FC54E7 /* lz77.h */ = {isa = PBXFileReference; fileEncoding = 4; lastKnownFileType = sourcecode.c.h; path = lz77.h; sourceTree = "<group>"; };
		48844CA82BD2744E00FC54E7 /* squeeze.c */ = {isa = PBXFileReference; fileEncoding = 4; lastKnownFileType = sourcecode.c.c; path = squeeze.c; sourceTree = "<group>"; };
		48844CA92BD2744E00FC54E7 /* squeeze.h */ = {isa = PBXFileReference; fileEncoding = 4; lastKnownFileType = sourcecode.c.h; path = squeeze.h; sourceTree = "<group>"; };
		48844CAA2BD2744E00FC54E7 /* symbols.c */ = {isa = PBXFileReference; fileEncoding = 4; lastKnownFileType = sourcecode.c.c; path = symbols.c; sourceTree = "<group>"; };
		48844CAB2BD2744E00FC54E7 /* symbols.h */ = {isa = PBXFileReference; fileEncoding = 4; lastKnownFileType = sourcecode.c.h; path = symbols.h; sourceTree = "<group>"; };
		48844CAC2BD2744E00FC54E7 /* tree.c */ = {isa = PBXFileReference; fileEncoding = 4; lastKnownFileType = sourcecode.c.c; path = tree.c; sourceTree = "<group>"; };
		48844CAD2BD2744E00FC54E7 /* tree.h */ = {isa = PBXFileReference; fileEncoding = 4; lastKnownFileType = sourcecode.c.h; path = tree.h; sourceTree = "<group>"; };
		48844CAE2BD2744E00FC54E7 /* util.c */ = {isa = PBXFileReference; fileEncoding = 4; lastKnownFileType = sourcecode.c.c; path = util.c; sourceTree = "<group>"; };
		48844CAF2BD2744E00FC54E7 /* util.h */ = {isa = PBXFileReference; fileEncoding = 4; lastKnownFileType = sourcecode.c.h; path = util.h; sourceTree = "<group>"; };
		48844CB02BD2744E00FC54E7 /* zopfli.h */ = {isa = PBXFileReference; fileEncoding = 4; lastKnownFileType = sourcecode.c.h; path = zopfli.h; sourceTree = "<group>"; };
		48844CB32BD2744E00FC54E7 /* CONTRIBUTING.md */ = {isa = PBXFileReference; fileEncoding = 4; lastKnownFileType = net.daringfireball.markdown; path = CONTRIBUTING.md; sourceTree = "<group>"; };
		48844CB42BD2744E00FC54E7 /* CONTRIBUTORS */ = {isa = PBXFileReference; fileEncoding = 4; lastKnownFileType = text; path = CONTRIBUTORS; sourceTree = "<group>"; };
		48844CB52BD2744E00FC54E7 /* COPYING */ = {isa = PBXFileReference; fileEncoding = 4; lastKnownFileType = text; path = COPYING; sourceTree = "<group>"; };
		48844CB62BD2744E00FC54E7 /* README */ = {isa = PBXFileReference; fileEncoding = 4; lastKnownFileType = text; path = README; sourceTree = "<group>"; };
		48844CB82BD2744E00FC54E7 /* try.c */ = {isa = PBXFileReference; fileEncoding = 4; lastKnownFileType = sourcecode.c.c; path = try.c; sourceTree = "<group>"; };
		48844CB92BD2744E00FC54E7 /* try.h */ = {isa = PBXFileReference; fileEncoding = 4; lastKnownFileType = sourcecode.c.h; path = try.h; sourceTree = "<group>"; };
		48844CBA2BD2744E00FC54E7 /* yarn.h */ = {isa = PBXFileReference; fileEncoding = 4; lastKnownFileType = sourcecode.c.h; path = yarn.h; sourceTree = "<group>"; };
		48844CBB2BD2744E00FC54E7 /* gigz.c */ = {isa = PBXFileReference; fileEncoding = 4; lastKnownFileType = sourcecode.c.c; path = gigz.c; sourceTree = "<group>"; };
		48844CBC2BD2744E00FC54E7 /* yarn.c */ = {isa = PBXFileReference; fileEncoding = 4; lastKnownFileType = sourcecode.c.c; path = yarn.c; sourceTree = "<group>"; };
		48844CCA2BD2746100FC54E7 /* gigz.1 */ = {isa = PBXFileReference; fileEncoding = 4; lastKnownFileType = text.man; name = gigz.1; path = madler/gigz.1; sourceTree = "<group>"; };
		48844CCC2BD2746100FC54E7 /* gigz.spec */ = {isa = PBXFileReference; fileEncoding = 4; lastKnownFileType = text; name = gigz.spec; path = madler/gigz.spec; sourceTree = "<group>"; };
		48844CCD2BD2746100FC54E7 /* README */ = {isa = PBXFileReference; fileEncoding = 4; lastKnownFileType = text; path = README; sourceTree = "<group>"; };
		48844CCE2BD2746100FC54E7 /* Makefile */ = {isa = PBXFileReference; fileEncoding = 4; lastKnownFileType = sourcecode.make; name = Makefile; path = madler/Makefile; sourceTree = "<group>"; };
		48844CD02BD2B83200FC54E7 /* mySystem.h */ = {isa = PBXFileReference; lastKnownFileType = sourcecode.c.h; path = mySystem.h; sourceTree = "<group>"; };
		48844CD12BD2B83200FC54E7 /* mySystem.c */ = {isa = PBXFileReference; lastKnownFileType = sourcecode.c.c; path = mySystem.c; sourceTree = "<group>"; };
		48844CD32BD3FA5A00FC54E7 /* myCLI.h */ = {isa = PBXFileReference; lastKnownFileType = sourcecode.c.h; path = myCLI.h; sourceTree = "<group>"; };
		48844CD42BD3FA5A00FC54E7 /* myCLI.c */ = {isa = PBXFileReference; lastKnownFileType = sourcecode.c.c; path = myCLI.c; sourceTree = "<group>"; };
		48844CD72BDE88AF00FC54E7 /* myIO.h */ = {isa = PBXFileReference; lastKnownFileType = sourcecode.c.h; path = myIO.h; sourceTree = "<group>"; };
		48844CD82BDE88AF00FC54E7 /* myIO.c */ = {isa = PBXFileReference; lastKnownFileType = sourcecode.c.c; path = myIO.c; sourceTree = "<group>"; };
/* End PBXFileReference section */

/* Begin PBXFrameworksBuildPhase section */
		48844C8F2BD2731400FC54E7 /* Frameworks */ = {
			isa = PBXFrameworksBuildPhase;
			buildActionMask = 2147483647;
			files = (
			);
			runOnlyForDeploymentPostprocessing = 0;
		};
/* End PBXFrameworksBuildPhase section */

/* Begin PBXGroup section */
		48844C892BD2731400FC54E7 = {
			isa = PBXGroup;
			children = (
				48844CCE2BD2746100FC54E7 /* Makefile */,
				48844CCA2BD2746100FC54E7 /* gigz.1 */,
				48844CCC2BD2746100FC54E7 /* gigz.spec */,
				48844CCD2BD2746100FC54E7 /* README */,
				48844C942BD2731400FC54E7 /* madler */,
				48844C932BD2731400FC54E7 /* Products */,
			);
			sourceTree = "<group>";
		};
		48844C932BD2731400FC54E7 /* Products */ = {
			isa = PBXGroup;
			children = (
				48844C922BD2731400FC54E7 /* madler */,
			);
			name = Products;
			sourceTree = "<group>";
		};
		48844C942BD2731400FC54E7 /* madler */ = {
			isa = PBXGroup;
			children = (
				48844CBB2BD2744E00FC54E7 /* gigz.c */,
				48844CB82BD2744E00FC54E7 /* try.c */,
				48844CB92BD2744E00FC54E7 /* try.h */,
				48844CBC2BD2744E00FC54E7 /* yarn.c */,
				48844CBA2BD2744E00FC54E7 /* yarn.h */,
				48844CB72BD2744E00FC54E7 /* zopfli */,
				48844CD02BD2B83200FC54E7 /* mySystem.h */,
				48844CD12BD2B83200FC54E7 /* mySystem.c */,
				48844CD32BD3FA5A00FC54E7 /* myCLI.h */,
				48844CD42BD3FA5A00FC54E7 /* myCLI.c */,
				48844CD72BDE88AF00FC54E7 /* myIO.h */,
				48844CD82BDE88AF00FC54E7 /* myIO.c */,
			);
			path = madler;
			sourceTree = "<group>";
		};
		48844CB12BD2744E00FC54E7 /* zopfli */ = {
			isa = PBXGroup;
			children = (
				48844C9C2BD2744E00FC54E7 /* blocksplitter.c */,
				48844C9D2BD2744E00FC54E7 /* blocksplitter.h */,
				48844C9E2BD2744E00FC54E7 /* cache.c */,
				48844C9F2BD2744E00FC54E7 /* cache.h */,
				48844CA02BD2744E00FC54E7 /* deflate.c */,
				48844CA12BD2744E00FC54E7 /* deflate.h */,
				48844CA22BD2744E00FC54E7 /* hash.c */,
				48844CA32BD2744E00FC54E7 /* hash.h */,
				48844CA42BD2744E00FC54E7 /* katajainen.c */,
				48844CA52BD2744E00FC54E7 /* katajainen.h */,
				48844CA62BD2744E00FC54E7 /* lz77.c */,
				48844CA72BD2744E00FC54E7 /* lz77.h */,
				48844CA82BD2744E00FC54E7 /* squeeze.c */,
				48844CA92BD2744E00FC54E7 /* squeeze.h */,
				48844CAA2BD2744E00FC54E7 /* symbols.c */,
				48844CAB2BD2744E00FC54E7 /* symbols.h */,
				48844CAC2BD2744E00FC54E7 /* tree.c */,
				48844CAD2BD2744E00FC54E7 /* tree.h */,
				48844CAE2BD2744E00FC54E7 /* util.c */,
				48844CAF2BD2744E00FC54E7 /* util.h */,
				48844CB02BD2744E00FC54E7 /* zopfli.h */,
			);
			path = zopfli;
			sourceTree = "<group>";
		};
		48844CB22BD2744E00FC54E7 /* src */ = {
			isa = PBXGroup;
			children = (
				48844CB12BD2744E00FC54E7 /* zopfli */,
			);
			path = src;
			sourceTree = "<group>";
		};
		48844CB72BD2744E00FC54E7 /* zopfli */ = {
			isa = PBXGroup;
			children = (
				48844CB22BD2744E00FC54E7 /* src */,
				48844CB32BD2744E00FC54E7 /* CONTRIBUTING.md */,
				48844CB42BD2744E00FC54E7 /* CONTRIBUTORS */,
				48844CB52BD2744E00FC54E7 /* COPYING */,
				48844CB62BD2744E00FC54E7 /* README */,
			);
			path = zopfli;
			sourceTree = "<group>";
		};
/* End PBXGroup section */

/* Begin PBXNativeTarget section */
		48844C912BD2731400FC54E7 /* madler */ = {
			isa = PBXNativeTarget;
			buildConfigurationList = 48844C992BD2731400FC54E7 /* Build configuration list for PBXNativeTarget "madler" */;
			buildPhases = (
				48844C8E2BD2731400FC54E7 /* Sources */,
				48844C8F2BD2731400FC54E7 /* Frameworks */,
				48844C902BD2731400FC54E7 /* CopyFiles */,
			);
			buildRules = (
			);
			dependencies = (
			);
			name = madler;
			productName = madler;
			productReference = 48844C922BD2731400FC54E7 /* madler */;
			productType = "com.apple.product-type.tool";
		};
/* End PBXNativeTarget section */

/* Begin PBXProject section */
		48844C8A2BD2731400FC54E7 /* Project object */ = {
			isa = PBXProject;
			attributes = {
				BuildIndependentTargetsInParallel = 1;
				LastUpgradeCheck = 1530;
				TargetAttributes = {
					48844C912BD2731400FC54E7 = {
						CreatedOnToolsVersion = 15.3;
					};
				};
			};
			buildConfigurationList = 48844C8D2BD2731400FC54E7 /* Build configuration list for PBXProject "madler" */;
			compatibilityVersion = "Xcode 14.0";
			developmentRegion = en;
			hasScannedForEncodings = 0;
			knownRegions = (
				en,
				Base,
			);
			mainGroup = 48844C892BD2731400FC54E7;
			productRefGroup = 48844C932BD2731400FC54E7 /* Products */;
			projectDirPath = "";
			projectRoot = "";
			targets = (
				48844C912BD2731400FC54E7 /* madler */,
			);
		};
/* End PBXProject section */

/* Begin PBXSourcesBuildPhase section */
		48844C8E2BD2731400FC54E7 /* Sources */ = {
			isa = PBXSourcesBuildPhase;
			buildActionMask = 2147483647;
			files = (
				48844CC92BD2744E00FC54E7 /* yarn.c in Sources */,
				48844CC72BD2744E00FC54E7 /* try.c in Sources */,
				48844CC82BD2744E00FC54E7 /* gigz.c in Sources */,
				48844CBE2BD2744E00FC54E7 /* cache.c in Sources */,
				48844CC32BD2744E00FC54E7 /* squeeze.c in Sources */,
				48844CD92BDE88AF00FC54E7 /* myIO.c in Sources */,
				48844CC12BD2744E00FC54E7 /* katajainen.c in Sources */,
				48844CD52BD3FA5A00FC54E7 /* myCLI.c in Sources */,
				48844CC42BD2744E00FC54E7 /* symbols.c in Sources */,
				48844CBF2BD2744E00FC54E7 /* deflate.c in Sources */,
				48844CC62BD2744E00FC54E7 /* util.c in Sources */,
				48844CD22BD2B83200FC54E7 /* mySystem.c in Sources */,
				48844CBD2BD2744E00FC54E7 /* blocksplitter.c in Sources */,
				48844CC52BD2744E00FC54E7 /* tree.c in Sources */,
				48844CC02BD2744E00FC54E7 /* hash.c in Sources */,
				48844CC22BD2744E00FC54E7 /* lz77.c in Sources */,
			);
			runOnlyForDeploymentPostprocessing = 0;
		};
/* End PBXSourcesBuildPhase section */

/* Begin XCBuildConfiguration section */
		48844C972BD2731400FC54E7 /* Debug */ = {
			isa = XCBuildConfiguration;
			buildSettings = {
				ALWAYS_SEARCH_USER_PATHS = NO;
				ASSETCATALOG_COMPILER_GENERATE_SWIFT_ASSET_SYMBOL_EXTENSIONS = YES;
				CLANG_ANALYZER_NONNULL = YES;
				CLANG_ANALYZER_NUMBER_OBJECT_CONVERSION = YES_AGGRESSIVE;
				CLANG_CXX_LANGUAGE_STANDARD = "gnu++20";
				CLANG_ENABLE_MODULES = YES;
				CLANG_ENABLE_OBJC_ARC = YES;
				CLANG_ENABLE_OBJC_WEAK = YES;
				CLANG_WARN_BLOCK_CAPTURE_AUTORELEASING = YES;
				CLANG_WARN_BOOL_CONVERSION = YES;
				CLANG_WARN_COMMA = YES;
				CLANG_WARN_CONSTANT_CONVERSION = YES;
				CLANG_WARN_DEPRECATED_OBJC_IMPLEMENTATIONS = YES;
				CLANG_WARN_DIRECT_OBJC_ISA_USAGE = YES_ERROR;
				CLANG_WARN_DOCUMENTATION_COMMENTS = YES;
				CLANG_WARN_EMPTY_BODY = YES;
				CLANG_WARN_ENUM_CONVERSION = YES;
				CLANG_WARN_INFINITE_RECURSION = YES;
				CLANG_WARN_INT_CONVERSION = YES;
				CLANG_WARN_NON_LITERAL_NULL_CONVERSION = YES;
				CLANG_WARN_OBJC_IMPLICIT_RETAIN_SELF = YES;
				CLANG_WARN_OBJC_LITERAL_CONVERSION = YES;
				CLANG_WARN_OBJC_ROOT_CLASS = YES_ERROR;
				CLANG_WARN_QUOTED_INCLUDE_IN_FRAMEWORK_HEADER = YES;
				CLANG_WARN_RANGE_LOOP_ANALYSIS = YES;
				CLANG_WARN_STRICT_PROTOTYPES = YES;
				CLANG_WARN_SUSPICIOUS_MOVE = YES;
				CLANG_WARN_UNGUARDED_AVAILABILITY = YES_AGGRESSIVE;
				CLANG_WARN_UNREACHABLE_CODE = YES;
				CLANG_WARN__DUPLICATE_METHOD_MATCH = YES;
				COPY_PHASE_STRIP = NO;
				DEBUG_INFORMATION_FORMAT = dwarf;
				ENABLE_STRICT_OBJC_MSGSEND = YES;
				ENABLE_TESTABILITY = YES;
				ENABLE_USER_SCRIPT_SANDBOXING = YES;
				GCC_C_LANGUAGE_STANDARD = gnu17;
				GCC_DYNAMIC_NO_PIC = NO;
				GCC_NO_COMMON_BLOCKS = YES;
				GCC_OPTIMIZATION_LEVEL = 0;
				GCC_PREPROCESSOR_DEFINITIONS = (
					"DEBUG=1",
					"$(inherited)",
				);
				GCC_WARN_64_TO_32_BIT_CONVERSION = YES;
				GCC_WARN_ABOUT_RETURN_TYPE = YES_ERROR;
				GCC_WARN_UNDECLARED_SELECTOR = YES;
				GCC_WARN_UNINITIALIZED_AUTOS = YES_AGGRESSIVE;
				GCC_WARN_UNUSED_FUNCTION = YES;
				GCC_WARN_UNUSED_VARIABLE = YES;
				LOCALIZATION_PREFERS_STRING_CATALOGS = YES;
				MACOSX_DEPLOYMENT_TARGET = 14.4;
				MTL_ENABLE_DEBUG_INFO = INCLUDE_SOURCE;
				MTL_FAST_MATH = YES;
				ONLY_ACTIVE_ARCH = YES;
				SDKROOT = macosx;
			};
			name = Debug;
		};
		48844C982BD2731400FC54E7 /* Release */ = {
			isa = XCBuildConfiguration;
			buildSettings = {
				ALWAYS_SEARCH_USER_PATHS = NO;
				ASSETCATALOG_COMPILER_GENERATE_SWIFT_ASSET_SYMBOL_EXTENSIONS = YES;
				CLANG_ANALYZER_NONNULL = YES;
				CLANG_ANALYZER_NUMBER_OBJECT_CONVERSION = YES_AGGRESSIVE;
				CLANG_CXX_LANGUAGE_STANDARD = "gnu++20";
				CLANG_ENABLE_MODULES = YES;
				CLANG_ENABLE_OBJC_ARC = YES;
				CLANG_ENABLE_OBJC_WEAK = YES;
				CLANG_WARN_BLOCK_CAPTURE_AUTORELEASING = YES;
				CLANG_WARN_BOOL_CONVERSION = YES;
				CLANG_WARN_COMMA = YES;
				CLANG_WARN_CONSTANT_CONVERSION = YES;
				CLANG_WARN_DEPRECATED_OBJC_IMPLEMENTATIONS = YES;
				CLANG_WARN_DIRECT_OBJC_ISA_USAGE = YES_ERROR;
				CLANG_WARN_DOCUMENTATION_COMMENTS = YES;
				CLANG_WARN_EMPTY_BODY = YES;
				CLANG_WARN_ENUM_CONVERSION = YES;
				CLANG_WARN_INFINITE_RECURSION = YES;
				CLANG_WARN_INT_CONVERSION = YES;
				CLANG_WARN_NON_LITERAL_NULL_CONVERSION = YES;
				CLANG_WARN_OBJC_IMPLICIT_RETAIN_SELF = YES;
				CLANG_WARN_OBJC_LITERAL_CONVERSION = YES;
				CLANG_WARN_OBJC_ROOT_CLASS = YES_ERROR;
				CLANG_WARN_QUOTED_INCLUDE_IN_FRAMEWORK_HEADER = YES;
				CLANG_WARN_RANGE_LOOP_ANALYSIS = YES;
				CLANG_WARN_STRICT_PROTOTYPES = YES;
				CLANG_WARN_SUSPICIOUS_MOVE = YES;
				CLANG_WARN_UNGUARDED_AVAILABILITY = YES_AGGRESSIVE;
				CLANG_WARN_UNREACHABLE_CODE = YES;
				CLANG_WARN__DUPLICATE_METHOD_MATCH = YES;
				COPY_PHASE_STRIP = NO;
				DEBUG_INFORMATION_FORMAT = "dwarf-with-dsym";
				ENABLE_NS_ASSERTIONS = NO;
				ENABLE_STRICT_OBJC_MSGSEND = YES;
				ENABLE_USER_SCRIPT_SANDBOXING = YES;
				GCC_C_LANGUAGE_STANDARD = gnu17;
				GCC_NO_COMMON_BLOCKS = YES;
				GCC_WARN_64_TO_32_BIT_CONVERSION = YES;
				GCC_WARN_ABOUT_RETURN_TYPE = YES_ERROR;
				GCC_WARN_UNDECLARED_SELECTOR = YES;
				GCC_WARN_UNINITIALIZED_AUTOS = YES_AGGRESSIVE;
				GCC_WARN_UNUSED_FUNCTION = YES;
				GCC_WARN_UNUSED_VARIABLE = YES;
				LOCALIZATION_PREFERS_STRING_CATALOGS = YES;
				MACOSX_DEPLOYMENT_TARGET = 14.4;
				MTL_ENABLE_DEBUG_INFO = NO;
				MTL_FAST_MATH = YES;
				SDKROOT = macosx;
			};
			name = Release;
		};
		48844C9A2BD2731400FC54E7 /* Debug */ = {
			isa = XCBuildConfiguration;
			buildSettings = {
				CODE_SIGN_STYLE = Automatic;
				DEVELOPMENT_TEAM = P42FSG7L2S;
				ENABLE_HARDENED_RUNTIME = YES;
				PRODUCT_NAME = "$(TARGET_NAME)";
			};
			name = Debug;
		};
		48844C9B2BD2731400FC54E7 /* Release */ = {
			isa = XCBuildConfiguration;
			buildSettings = {
				CODE_SIGN_STYLE = Automatic;
				DEVELOPMENT_TEAM = P42FSG7L2S;
				ENABLE_HARDENED_RUNTIME = YES;
				PRODUCT_NAME = "$(TARGET_NAME)";
			};
			name = Release;
		};
/* End XCBuildConfiguration section */

/* Begin XCConfigurationList section */
		48844C8D2BD2731400FC54E7 /* Build configuration list for PBXProject "madler" */ = {
			isa = XCConfigurationList;
			buildConfigurations = (
				48844C972BD2731400FC54E7 /* Debug */,
				48844C982BD2731400FC54E7 /* Release */,
			);
			defaultConfigurationIsVisible = 0;
			defaultConfigurationName = Release;
		};
		48844C992BD2731400FC54E7 /* Build configuration list for PBXNativeTarget "madler" */ = {
			isa = XCConfigurationList;
			buildConfigurations = (
				48844C9A2BD2731400FC54E7 /* Debug */,
				48844C9B2BD2731400FC54E7 /* Release */,
			);
			defaultConfigurationIsVisible = 0;
			defaultConfigurationName = Release;
		};
/* End XCConfigurationList section */
	};
	rootObject = 48844C8A2BD2731400FC54E7 /* Project object */;
}
